version = 1
requires-python = ">=3.10"

[[package]]
name = "json5"
version = "0.9.28"
source = { registry = "https://pypi.org/simple" }
sdist = { url = "https://files.pythonhosted.org/packages/9e/99/7cf7b9a08984203937bf8c9afd28ff64f733d0f6ccb677888f4bcd82af25/json5-0.9.28.tar.gz", hash = "sha256:1f82f36e615bc5b42f1bbd49dbc94b12563c56408c6ffa06414ea310890e9a6e", size = 41853 }
wheels = [
    { url = "https://files.pythonhosted.org/packages/2b/ea/ef9cd2423087fe726f3f24b2e747ca915004e66215e36b0580c912199752/json5-0.9.28-py3-none-any.whl", hash = "sha256:29c56f1accdd8bc2e037321237662034a7e07921e2b7223281a5ce2c46f0c4df", size = 30984 },
]

[[package]]
name = "ruamel-yaml"
version = "0.18.6"
source = { registry = "https://pypi.org/simple" }
dependencies = [
    { name = "ruamel-yaml-clib", marker = "python_full_version < '3.13' and platform_python_implementation == 'CPython'" },
]
sdist = { url = "https://files.pythonhosted.org/packages/29/81/4dfc17eb6ebb1aac314a3eb863c1325b907863a1b8b1382cdffcb6ac0ed9/ruamel.yaml-0.18.6.tar.gz", hash = "sha256:8b27e6a217e786c6fbe5634d8f3f11bc63e0f80f6a5890f28863d9c45aac311b", size = 143362 }
wheels = [
    { url = "https://files.pythonhosted.org/packages/73/67/8ece580cc363331d9a53055130f86b096bf16e38156e33b1d3014fffda6b/ruamel.yaml-0.18.6-py3-none-any.whl", hash = "sha256:57b53ba33def16c4f3d807c0ccbc00f8a6081827e81ba2491691b76882d0c636", size = 117761 },
]

[[package]]
name = "ruamel-yaml-clib"
version = "0.2.12"
source = { registry = "https://pypi.org/simple" }
sdist = { url = "https://files.pythonhosted.org/packages/20/84/80203abff8ea4993a87d823a5f632e4d92831ef75d404c9fc78d0176d2b5/ruamel.yaml.clib-0.2.12.tar.gz", hash = "sha256:6c8fbb13ec503f99a91901ab46e0b07ae7941cd527393187039aec586fdfd36f", size = 225315 }
wheels = [
    { url = "https://files.pythonhosted.org/packages/70/57/40a958e863e299f0c74ef32a3bde9f2d1ea8d69669368c0c502a0997f57f/ruamel.yaml.clib-0.2.12-cp310-cp310-macosx_13_0_arm64.whl", hash = "sha256:11f891336688faf5156a36293a9c362bdc7c88f03a8a027c2c1d8e0bcde998e5", size = 131301 },
    { url = "https://files.pythonhosted.org/packages/98/a8/29a3eb437b12b95f50a6bcc3d7d7214301c6c529d8fdc227247fa84162b5/ruamel.yaml.clib-0.2.12-cp310-cp310-manylinux2014_aarch64.whl", hash = "sha256:a606ef75a60ecf3d924613892cc603b154178ee25abb3055db5062da811fd969", size = 633728 },
    { url = "https://files.pythonhosted.org/packages/35/6d/ae05a87a3ad540259c3ad88d71275cbd1c0f2d30ae04c65dcbfb6dcd4b9f/ruamel.yaml.clib-0.2.12-cp310-cp310-manylinux_2_17_x86_64.manylinux2014_x86_64.whl", hash = "sha256:fd5415dded15c3822597455bc02bcd66e81ef8b7a48cb71a33628fc9fdde39df", size = 722230 },
    { url = "https://files.pythonhosted.org/packages/7f/b7/20c6f3c0b656fe609675d69bc135c03aac9e3865912444be6339207b6648/ruamel.yaml.clib-0.2.12-cp310-cp310-manylinux_2_5_i686.manylinux1_i686.manylinux_2_17_i686.manylinux2014_i686.whl", hash = "sha256:f66efbc1caa63c088dead1c4170d148eabc9b80d95fb75b6c92ac0aad2437d76", size = 686712 },
    { url = "https://files.pythonhosted.org/packages/cd/11/d12dbf683471f888d354dac59593873c2b45feb193c5e3e0f2ebf85e68b9/ruamel.yaml.clib-0.2.12-cp310-cp310-musllinux_1_1_i686.whl", hash = "sha256:22353049ba4181685023b25b5b51a574bce33e7f51c759371a7422dcae5402a6", size = 663936 },
    { url = "https://files.pythonhosted.org/packages/72/14/4c268f5077db5c83f743ee1daeb236269fa8577133a5cfa49f8b382baf13/ruamel.yaml.clib-0.2.12-cp310-cp310-musllinux_1_1_x86_64.whl", hash = "sha256:932205970b9f9991b34f55136be327501903f7c66830e9760a8ffb15b07f05cd", size = 696580 },
    { url = "https://files.pythonhosted.org/packages/80/29/c0a017b704aaf3cbf704989785cd9c5d5b8ccec2dae6ac0c53833c84e677/ruamel.yaml.clib-0.2.12-cp310-cp310-win32.whl", hash = "sha256:3eac5a91891ceb88138c113f9db04f3cebdae277f5d44eaa3651a4f573e6a5da", size = 100326 },
    { url = "https://files.pythonhosted.org/packages/3a/65/fa39d74db4e2d0cd252355732d966a460a41cd01c6353b820a0952432839/ruamel.yaml.clib-0.2.12-cp310-cp310-win_amd64.whl", hash = "sha256:ab007f2f5a87bd08ab1499bdf96f3d5c6ad4dcfa364884cb4549aa0154b13a28", size = 118079 },
    { url = "https://files.pythonhosted.org/packages/fb/8f/683c6ad562f558cbc4f7c029abcd9599148c51c54b5ef0f24f2638da9fbb/ruamel.yaml.clib-0.2.12-cp311-cp311-macosx_13_0_arm64.whl", hash = "sha256:4a6679521a58256a90b0d89e03992c15144c5f3858f40d7c18886023d7943db6", size = 132224 },
    { url = "https://files.pythonhosted.org/packages/3c/d2/b79b7d695e2f21da020bd44c782490578f300dd44f0a4c57a92575758a76/ruamel.yaml.clib-0.2.12-cp311-cp311-manylinux2014_aarch64.whl", hash = "sha256:d84318609196d6bd6da0edfa25cedfbabd8dbde5140a0a23af29ad4b8f91fb1e", size = 641480 },
    { url = "https://files.pythonhosted.org/packages/68/6e/264c50ce2a31473a9fdbf4fa66ca9b2b17c7455b31ef585462343818bd6c/ruamel.yaml.clib-0.2.12-cp311-cp311-manylinux_2_17_x86_64.manylinux2014_x86_64.whl", hash = "sha256:bb43a269eb827806502c7c8efb7ae7e9e9d0573257a46e8e952f4d4caba4f31e", size = 739068 },
    { url = "https://files.pythonhosted.org/packages/86/29/88c2567bc893c84d88b4c48027367c3562ae69121d568e8a3f3a8d363f4d/ruamel.yaml.clib-0.2.12-cp311-cp311-manylinux_2_5_i686.manylinux1_i686.manylinux_2_17_i686.manylinux2014_i686.whl", hash = "sha256:811ea1594b8a0fb466172c384267a4e5e367298af6b228931f273b111f17ef52", size = 703012 },
    { url = "https://files.pythonhosted.org/packages/11/46/879763c619b5470820f0cd6ca97d134771e502776bc2b844d2adb6e37753/ruamel.yaml.clib-0.2.12-cp311-cp311-musllinux_1_1_i686.whl", hash = "sha256:cf12567a7b565cbf65d438dec6cfbe2917d3c1bdddfce84a9930b7d35ea59642", size = 704352 },
    { url = "https://files.pythonhosted.org/packages/02/80/ece7e6034256a4186bbe50dee28cd032d816974941a6abf6a9d65e4228a7/ruamel.yaml.clib-0.2.12-cp311-cp311-musllinux_1_1_x86_64.whl", hash = "sha256:7dd5adc8b930b12c8fc5b99e2d535a09889941aa0d0bd06f4749e9a9397c71d2", size = 737344 },
    { url = "https://files.pythonhosted.org/packages/67/58/b1f60a1d591b771298ffa0428237afb092c7f29ae23bad93420b1eb10703/ruamel.yaml.clib-0.2.12-cp311-cp311-win32.whl", hash = "sha256:bd0a08f0bab19093c54e18a14a10b4322e1eacc5217056f3c063bd2f59853ce4", size = 100205 },
    { url = "https://files.pythonhosted.org/packages/b4/4f/b52f634c9548a9291a70dfce26ca7ebce388235c93588a1068028ea23fcc/ruamel.yaml.clib-0.2.12-cp311-cp311-win_amd64.whl", hash = "sha256:a274fb2cb086c7a3dea4322ec27f4cb5cc4b6298adb583ab0e211a4682f241eb", size = 118185 },
    { url = "https://files.pythonhosted.org/packages/48/41/e7a405afbdc26af961678474a55373e1b323605a4f5e2ddd4a80ea80f628/ruamel.yaml.clib-0.2.12-cp312-cp312-macosx_14_0_arm64.whl", hash = "sha256:20b0f8dc160ba83b6dcc0e256846e1a02d044e13f7ea74a3d1d56ede4e48c632", size = 133433 },
    { url = "https://files.pythonhosted.org/packages/ec/b0/b850385604334c2ce90e3ee1013bd911aedf058a934905863a6ea95e9eb4/ruamel.yaml.clib-0.2.12-cp312-cp312-manylinux2014_aarch64.whl", hash = "sha256:943f32bc9dedb3abff9879edc134901df92cfce2c3d5c9348f172f62eb2d771d", size = 647362 },
    { url = "https://files.pythonhosted.org/packages/44/d0/3f68a86e006448fb6c005aee66565b9eb89014a70c491d70c08de597f8e4/ruamel.yaml.clib-0.2.12-cp312-cp312-manylinux_2_17_x86_64.manylinux2014_x86_64.whl", hash = "sha256:95c3829bb364fdb8e0332c9931ecf57d9be3519241323c5274bd82f709cebc0c", size = 754118 },
    { url = "https://files.pythonhosted.org/packages/52/a9/d39f3c5ada0a3bb2870d7db41901125dbe2434fa4f12ca8c5b83a42d7c53/ruamel.yaml.clib-0.2.12-cp312-cp312-manylinux_2_5_i686.manylinux1_i686.manylinux_2_17_i686.manylinux2014_i686.whl", hash = "sha256:749c16fcc4a2b09f28843cda5a193e0283e47454b63ec4b81eaa2242f50e4ccd", size = 706497 },
    { url = "https://files.pythonhosted.org/packages/b0/fa/097e38135dadd9ac25aecf2a54be17ddf6e4c23e43d538492a90ab3d71c6/ruamel.yaml.clib-0.2.12-cp312-cp312-musllinux_1_1_i686.whl", hash = "sha256:bf165fef1f223beae7333275156ab2022cffe255dcc51c27f066b4370da81e31", size = 698042 },
    { url = "https://files.pythonhosted.org/packages/ec/d5/a659ca6f503b9379b930f13bc6b130c9f176469b73b9834296822a83a132/ruamel.yaml.clib-0.2.12-cp312-cp312-musllinux_1_1_x86_64.whl", hash = "sha256:32621c177bbf782ca5a18ba4d7af0f1082a3f6e517ac2a18b3974d4edf349680", size = 745831 },
    { url = "https://files.pythonhosted.org/packages/b1/82/85cb92f15a4231c89b95dfe08b09eb6adca929ef7df7e17ab59902b6f589/ruamel.yaml.clib-0.2.12-cp312-cp312-win32.whl", hash = "sha256:e8c4ebfcfd57177b572e2040777b8abc537cdef58a2120e830124946aa9b42c5", size = 98777 },
    { url = "https://files.pythonhosted.org/packages/d7/8f/c3654f6f1ddb75daf3922c3d8fc6005b1ab56671ad56ffb874d908bfa668/ruamel.yaml.clib-0.2.12-cp312-cp312-win_amd64.whl", hash = "sha256:0467c5965282c62203273b838ae77c0d29d7638c8a4e3a1c8bdd3602c10904e4", size = 115523 },
    { url = "https://files.pythonhosted.org/packages/29/00/4864119668d71a5fa45678f380b5923ff410701565821925c69780356ffa/ruamel.yaml.clib-0.2.12-cp313-cp313-macosx_14_0_arm64.whl", hash = "sha256:4c8c5d82f50bb53986a5e02d1b3092b03622c02c2eb78e29bec33fd9593bae1a", size = 132011 },
    { url = "https://files.pythonhosted.org/packages/7f/5e/212f473a93ae78c669ffa0cb051e3fee1139cb2d385d2ae1653d64281507/ruamel.yaml.clib-0.2.12-cp313-cp313-manylinux2014_aarch64.whl", hash = "sha256:e7e3736715fbf53e9be2a79eb4db68e4ed857017344d697e8b9749444ae57475", size = 642488 },
    { url = "https://files.pythonhosted.org/packages/1f/8f/ecfbe2123ade605c49ef769788f79c38ddb1c8fa81e01f4dbf5cf1a44b16/ruamel.yaml.clib-0.2.12-cp313-cp313-manylinux_2_17_x86_64.manylinux2014_x86_64.whl", hash = "sha256:0b7e75b4965e1d4690e93021adfcecccbca7d61c7bddd8e22406ef2ff20d74ef", size = 745066 },
    { url = "https://files.pythonhosted.org/packages/e2/a9/28f60726d29dfc01b8decdb385de4ced2ced9faeb37a847bd5cf26836815/ruamel.yaml.clib-0.2.12-cp313-cp313-manylinux_2_5_i686.manylinux1_i686.manylinux_2_17_i686.manylinux2014_i686.whl", hash = "sha256:96777d473c05ee3e5e3c3e999f5d23c6f4ec5b0c38c098b3a5229085f74236c6", size = 701785 },
    { url = "https://files.pythonhosted.org/packages/84/7e/8e7ec45920daa7f76046578e4f677a3215fe8f18ee30a9cb7627a19d9b4c/ruamel.yaml.clib-0.2.12-cp313-cp313-musllinux_1_1_i686.whl", hash = "sha256:3bc2a80e6420ca8b7d3590791e2dfc709c88ab9152c00eeb511c9875ce5778bf", size = 693017 },
    { url = "https://files.pythonhosted.org/packages/c5/b3/d650eaade4ca225f02a648321e1ab835b9d361c60d51150bac49063b83fa/ruamel.yaml.clib-0.2.12-cp313-cp313-musllinux_1_1_x86_64.whl", hash = "sha256:e188d2699864c11c36cdfdada94d781fd5d6b0071cd9c427bceb08ad3d7c70e1", size = 741270 },
    { url = "https://files.pythonhosted.org/packages/30/8c/ed73f047a73638257aa9377ad356bea4d96125b305c34a28766f4445cc0f/ruamel.yaml.clib-0.2.12-cp313-cp313-win32.whl", hash = "sha256:6442cb36270b3afb1b4951f060eccca1ce49f3d087ca1ca4563a6eb479cb3de6", size = 98583 },
    { url = "https://files.pythonhosted.org/packages/b0/85/e8e751d8791564dd333d5d9a4eab0a7a115f7e349595417fd50ecae3395c/ruamel.yaml.clib-0.2.12-cp313-cp313-win_amd64.whl", hash = "sha256:e5b8daf27af0b90da7bb903a876477a9e6d7270be6146906b276605997c7e9a3", size = 115190 },
]

[[package]]
name = "ruff"
version = "0.7.3"
source = { registry = "https://pypi.org/simple" }
sdist = { url = "https://files.pythonhosted.org/packages/4b/06/09d1276df977eece383d0ed66052fc24ec4550a61f8fbc0a11200e690496/ruff-0.7.3.tar.gz", hash = "sha256:e1d1ba2e40b6e71a61b063354d04be669ab0d39c352461f3d789cac68b54a313", size = 3243664 }
wheels = [
    { url = "https://files.pythonhosted.org/packages/c0/56/933d433c2489e4642487b835f53dd9ff015fb3d8fa459b09bb2ce42d7c4b/ruff-0.7.3-py3-none-linux_armv6l.whl", hash = "sha256:34f2339dc22687ec7e7002792d1f50712bf84a13d5152e75712ac08be565d344", size = 10372090 },
    { url = "https://files.pythonhosted.org/packages/20/ea/1f0a22a6bcdd3fc26c73f63a025d05bd565901b729d56bcb093c722a6c4c/ruff-0.7.3-py3-none-macosx_10_12_x86_64.whl", hash = "sha256:fb397332a1879b9764a3455a0bb1087bda876c2db8aca3a3cbb67b3dbce8cda0", size = 10190037 },
    { url = "https://files.pythonhosted.org/packages/16/74/aca75666e0d481fe394e76a8647c44ea919087748024924baa1a17371e3e/ruff-0.7.3-py3-none-macosx_11_0_arm64.whl", hash = "sha256:37d0b619546103274e7f62643d14e1adcbccb242efda4e4bdb9544d7764782e9", size = 9811998 },
    { url = "https://files.pythonhosted.org/packages/20/a1/cf446a0d7f78ea1f0bd2b9171c11dfe746585c0c4a734b25966121eb4f5d/ruff-0.7.3-py3-none-manylinux_2_17_aarch64.manylinux2014_aarch64.whl", hash = "sha256:5d59f0c3ee4d1a6787614e7135b72e21024875266101142a09a61439cb6e38a5", size = 10620626 },
    { url = "https://files.pythonhosted.org/packages/cd/c1/82b27d09286ae855f5d03b1ad37cf243f21eb0081732d4d7b0d658d439cb/ruff-0.7.3-py3-none-manylinux_2_17_armv7l.manylinux2014_armv7l.whl", hash = "sha256:44eb93c2499a169d49fafd07bc62ac89b1bc800b197e50ff4633aed212569299", size = 10177598 },
    { url = "https://files.pythonhosted.org/packages/b9/42/c0acac22753bf74013d035a5ef6c5c4c40ad4d6686bfb3fda7c6f37d9b37/ruff-0.7.3-py3-none-manylinux_2_17_i686.manylinux2014_i686.whl", hash = "sha256:6d0242ce53f3a576c35ee32d907475a8d569944c0407f91d207c8af5be5dae4e", size = 11171963 },
    { url = "https://files.pythonhosted.org/packages/43/18/bb0befb7fb9121dd9009e6a72eb98e24f1bacb07c6f3ecb55f032ba98aed/ruff-0.7.3-py3-none-manylinux_2_17_ppc64.manylinux2014_ppc64.whl", hash = "sha256:6b6224af8b5e09772c2ecb8dc9f3f344c1aa48201c7f07e7315367f6dd90ac29", size = 11856157 },
    { url = "https://files.pythonhosted.org/packages/5e/91/04e98d7d6e32eca9d1372be595f9abc7b7f048795e32eb2edbd8794d50bd/ruff-0.7.3-py3-none-manylinux_2_17_ppc64le.manylinux2014_ppc64le.whl", hash = "sha256:c50f95a82b94421c964fae4c27c0242890a20fe67d203d127e84fbb8013855f5", size = 11440331 },
    { url = "https://files.pythonhosted.org/packages/f5/dc/3fe99f2ce10b76d389041a1b9f99e7066332e479435d4bebcceea16caff5/ruff-0.7.3-py3-none-manylinux_2_17_s390x.manylinux2014_s390x.whl", hash = "sha256:7f3eff9961b5d2644bcf1616c606e93baa2d6b349e8aa8b035f654df252c8c67", size = 12725354 },
    { url = "https://files.pythonhosted.org/packages/43/7b/1daa712de1c5bc6cbbf9fa60e9c41cc48cda962dc6d2c4f2a224d2c3007e/ruff-0.7.3-py3-none-manylinux_2_17_x86_64.manylinux2014_x86_64.whl", hash = "sha256:b8963cab06d130c4df2fd52c84e9f10d297826d2e8169ae0c798b6221be1d1d2", size = 11010091 },
    { url = "https://files.pythonhosted.org/packages/b6/db/1227a903587432eb569e57a95b15a4f191a71fe315cde4c0312df7bc85da/ruff-0.7.3-py3-none-musllinux_1_2_aarch64.whl", hash = "sha256:61b46049d6edc0e4317fb14b33bd693245281a3007288b68a3f5b74a22a0746d", size = 10610687 },
    { url = "https://files.pythonhosted.org/packages/db/e2/dc41ee90c3085aadad4da614d310d834f641aaafddf3dfbba08210c616ce/ruff-0.7.3-py3-none-musllinux_1_2_armv7l.whl", hash = "sha256:10ebce7696afe4644e8c1a23b3cf8c0f2193a310c18387c06e583ae9ef284de2", size = 10254843 },
    { url = "https://files.pythonhosted.org/packages/6f/09/5f6cac1c91542bc5bd33d40b4c13b637bf64d7bb29e091dadb01b62527fe/ruff-0.7.3-py3-none-musllinux_1_2_i686.whl", hash = "sha256:3f36d56326b3aef8eeee150b700e519880d1aab92f471eefdef656fd57492aa2", size = 10730962 },
    { url = "https://files.pythonhosted.org/packages/d3/42/89a4b9a24ef7d00269e24086c417a006f9a3ffeac2c80f2629eb5ce140ee/ruff-0.7.3-py3-none-musllinux_1_2_x86_64.whl", hash = "sha256:5d024301109a0007b78d57ab0ba190087b43dce852e552734ebf0b0b85e4fb16", size = 11101907 },
    { url = "https://files.pythonhosted.org/packages/b0/5c/efdb4777686683a8edce94ffd812783bddcd3d2454d38c5ac193fef7c500/ruff-0.7.3-py3-none-win32.whl", hash = "sha256:4ba81a5f0c5478aa61674c5a2194de8b02652f17addf8dfc40c8937e6e7d79fc", size = 8611095 },
    { url = "https://files.pythonhosted.org/packages/bb/b8/28fbc6a4efa50178f973972d1c84b2d0a33cdc731588522ab751ac3da2f5/ruff-0.7.3-py3-none-win_amd64.whl", hash = "sha256:588a9ff2fecf01025ed065fe28809cd5a53b43505f48b69a1ac7707b1b7e4088", size = 9418283 },
    { url = "https://files.pythonhosted.org/packages/3f/77/b587cba6febd5e2003374f37eb89633f79f161e71084f94057c8653b7fb3/ruff-0.7.3-py3-none-win_arm64.whl", hash = "sha256:1713e2c5545863cdbfe2cbce21f69ffaf37b813bfd1fb3b90dc9a6f1963f5a8c", size = 8725228 },
]

[[package]]
name = "to"
version = "0.1"
source = { editable = "." }

[package.optional-dependencies]
rich = [
    { name = "json5" },
    { name = "ruamel-yaml" },
    { name = "toml" },
]

[package.dev-dependencies]
dev = [
    { name = "ruff" },
]

[package.metadata]
requires-dist = [
    { name = "json5", marker = "extra == 'rich'" },
    { name = "ruamel-yaml", marker = "extra == 'rich'" },
    { name = "toml", marker = "extra == 'rich'" },
]

[package.metadata.requires-dev]
dev = [{ name = "ruff" }]

[[package]]
name = "toml"
version = "0.10.2"
source = { registry = "https://pypi.org/simple" }
sdist = { url = "https://files.pythonhosted.org/packages/be/ba/1f744cdc819428fc6b5084ec34d9b30660f6f9daaf70eead706e3203ec3c/toml-0.10.2.tar.gz", hash = "sha256:b3bda1d108d5dd99f4a20d24d9c348e91c4db7ab1b749200bded2f839ccbe68f", size = 22253 }
wheels = [
    { url = "https://files.pythonhosted.org/packages/44/6f/7120676b6d73228c96e17f1f794d8ab046fc910d781c8d151120c3f1569e/toml-0.10.2-py2.py3-none-any.whl", hash = "sha256:806143ae5bfb6a3c6e736a764057db0e6a0e05e338b5630894a5f779cabb4f9b", size = 16588 },
]
